// !$*UTF8*$!
{
	archiveVersion = 1;
	classes = {
	};
	objectVersion = 46;
	objects = {

/* Begin PBXBuildFile section */
		4D6494BC16FF6A0F002AA016 /* Cocoa.framework in Frameworks */ = {isa = PBXBuildFile; fileRef = 4D6494BB16FF6A0F002AA016 /* Cocoa.framework */; };
		4D6494C616FF6A0F002AA016 /* InfoPlist.strings in Resources */ = {isa = PBXBuildFile; fileRef = 4D6494C416FF6A0F002AA016 /* InfoPlist.strings */; };
		4D6494C816FF6A0F002AA016 /* main.m in Sources */ = {isa = PBXBuildFile; fileRef = 4D6494C716FF6A0F002AA016 /* main.m */; };
		4D6494CC16FF6A0F002AA016 /* Credits.rtf in Resources */ = {isa = PBXBuildFile; fileRef = 4D6494CA16FF6A0F002AA016 /* Credits.rtf */; };
		4D6494CF16FF6A0F002AA016 /* RBAppDelegate.m in Sources */ = {isa = PBXBuildFile; fileRef = 4D6494CE16FF6A0F002AA016 /* RBAppDelegate.m */; };
		4D6494D216FF6A10002AA016 /* MainMenu.xib in Resources */ = {isa = PBXBuildFile; fileRef = 4D6494D016FF6A10002AA016 /* MainMenu.xib */; };
		4D6494DA16FF71BB002AA016 /* RBMainWindowDelegate.m in Sources */ = {isa = PBXBuildFile; fileRef = 4D6494D916FF71BB002AA016 /* RBMainWindowDelegate.m */; };
		EF228EBDD78B4C4781C5031E /* libPods.a in Frameworks */ = {isa = PBXBuildFile; fileRef = 56B047E589B94A3F9C56B67F /* libPods.a */; };
/* End PBXBuildFile section */

/* Begin PBXFileReference section */
		060F6BBDA3EE491C848BCC5B /* Pods.xcconfig */ = {isa = PBXFileReference; includeInIndex = 1; lastKnownFileType = text.xcconfig; name = Pods.xcconfig; path = Pods/Pods.xcconfig; sourceTree = SOURCE_ROOT; };
		4D6494B816FF6A0F002AA016 /* RiakBrowser.app */ = {isa = PBXFileReference; explicitFileType = wrapper.application; includeInIndex = 0; path = RiakBrowser.app; sourceTree = BUILT_PRODUCTS_DIR; };
		4D6494BB16FF6A0F002AA016 /* Cocoa.framework */ = {isa = PBXFileReference; lastKnownFileType = wrapper.framework; name = Cocoa.framework; path = System/Library/Frameworks/Cocoa.framework; sourceTree = SDKROOT; };
		4D6494BE16FF6A0F002AA016 /* AppKit.framework */ = {isa = PBXFileReference; lastKnownFileType = wrapper.framework; name = AppKit.framework; path = System/Library/Frameworks/AppKit.framework; sourceTree = SDKROOT; };
		4D6494BF16FF6A0F002AA016 /* CoreData.framework */ = {isa = PBXFileReference; lastKnownFileType = wrapper.framework; name = CoreData.framework; path = System/Library/Frameworks/CoreData.framework; sourceTree = SDKROOT; };
		4D6494C016FF6A0F002AA016 /* Foundation.framework */ = {isa = PBXFileReference; lastKnownFileType = wrapper.framework; name = Foundation.framework; path = System/Library/Frameworks/Foundation.framework; sourceTree = SDKROOT; };
		4D6494C316FF6A0F002AA016 /* RiakBrowser-Info.plist */ = {isa = PBXFileReference; lastKnownFileType = text.plist.xml; path = "RiakBrowser-Info.plist"; sourceTree = "<group>"; };
		4D6494C516FF6A0F002AA016 /* en */ = {isa = PBXFileReference; lastKnownFileType = text.plist.strings; name = en; path = en.lproj/InfoPlist.strings; sourceTree = "<group>"; };
		4D6494C716FF6A0F002AA016 /* main.m */ = {isa = PBXFileReference; lastKnownFileType = sourcecode.c.objc; path = main.m; sourceTree = "<group>"; };
		4D6494C916FF6A0F002AA016 /* RiakBrowser-Prefix.pch */ = {isa = PBXFileReference; lastKnownFileType = sourcecode.c.h; path = "RiakBrowser-Prefix.pch"; sourceTree = "<group>"; };
		4D6494CB16FF6A0F002AA016 /* en */ = {isa = PBXFileReference; lastKnownFileType = text.rtf; name = en; path = en.lproj/Credits.rtf; sourceTree = "<group>"; };
		4D6494CD16FF6A0F002AA016 /* RBAppDelegate.h */ = {isa = PBXFileReference; lastKnownFileType = sourcecode.c.h; path = RBAppDelegate.h; sourceTree = "<group>"; };
		4D6494CE16FF6A0F002AA016 /* RBAppDelegate.m */ = {isa = PBXFileReference; lastKnownFileType = sourcecode.c.objc; path = RBAppDelegate.m; sourceTree = "<group>"; };
		4D6494D116FF6A10002AA016 /* en */ = {isa = PBXFileReference; lastKnownFileType = file.xib; name = en; path = en.lproj/MainMenu.xib; sourceTree = "<group>"; };
		4D6494D816FF71BB002AA016 /* RBMainWindowDelegate.h */ = {isa = PBXFileReference; fileEncoding = 4; lastKnownFileType = sourcecode.c.h; path = RBMainWindowDelegate.h; sourceTree = "<group>"; };
		4D6494D916FF71BB002AA016 /* RBMainWindowDelegate.m */ = {isa = PBXFileReference; fileEncoding = 4; lastKnownFileType = sourcecode.c.objc; path = RBMainWindowDelegate.m; sourceTree = "<group>"; };
		56B047E589B94A3F9C56B67F /* libPods.a */ = {isa = PBXFileReference; explicitFileType = archive.ar; includeInIndex = 0; path = libPods.a; sourceTree = BUILT_PRODUCTS_DIR; };
/* End PBXFileReference section */

/* Begin PBXFrameworksBuildPhase section */
		4D6494B516FF6A0F002AA016 /* Frameworks */ = {
			isa = PBXFrameworksBuildPhase;
			buildActionMask = 2147483647;
			files = (
				4D6494BC16FF6A0F002AA016 /* Cocoa.framework in Frameworks */,
				EF228EBDD78B4C4781C5031E /* libPods.a in Frameworks */,
			);
			runOnlyForDeploymentPostprocessing = 0;
		};
/* End PBXFrameworksBuildPhase section */

/* Begin PBXGroup section */
		4D6494AF16FF6A0F002AA016 = {
			isa = PBXGroup;
			children = (
				4D6494C116FF6A0F002AA016 /* RiakBrowser */,
				4D6494BA16FF6A0F002AA016 /* Frameworks */,
				4D6494B916FF6A0F002AA016 /* Products */,
				060F6BBDA3EE491C848BCC5B /* Pods.xcconfig */,
			);
			sourceTree = "<group>";
		};
		4D6494B916FF6A0F002AA016 /* Products */ = {
			isa = PBXGroup;
			children = (
				4D6494B816FF6A0F002AA016 /* RiakBrowser.app */,
			);
			name = Products;
			sourceTree = "<group>";
		};
		4D6494BA16FF6A0F002AA016 /* Frameworks */ = {
			isa = PBXGroup;
			children = (
				4D6494BB16FF6A0F002AA016 /* Cocoa.framework */,
				4D6494BD16FF6A0F002AA016 /* Other Frameworks */,
				56B047E589B94A3F9C56B67F /* libPods.a */,
			);
			name = Frameworks;
			sourceTree = "<group>";
		};
		4D6494BD16FF6A0F002AA016 /* Other Frameworks */ = {
			isa = PBXGroup;
			children = (
				4D6494BE16FF6A0F002AA016 /* AppKit.framework */,
				4D6494BF16FF6A0F002AA016 /* CoreData.framework */,
				4D6494C016FF6A0F002AA016 /* Foundation.framework */,
			);
			name = "Other Frameworks";
			sourceTree = "<group>";
		};
		4D6494C116FF6A0F002AA016 /* RiakBrowser */ = {
			isa = PBXGroup;
			children = (
				4D6494CD16FF6A0F002AA016 /* RBAppDelegate.h */,
				4D6494CE16FF6A0F002AA016 /* RBAppDelegate.m */,
				4D6494D016FF6A10002AA016 /* MainMenu.xib */,
				4D6494C216FF6A0F002AA016 /* Supporting Files */,
				4D6494D816FF71BB002AA016 /* RBMainWindowDelegate.h */,
				4D6494D916FF71BB002AA016 /* RBMainWindowDelegate.m */,
			);
			path = RiakBrowser;
			sourceTree = "<group>";
		};
		4D6494C216FF6A0F002AA016 /* Supporting Files */ = {
			isa = PBXGroup;
			children = (
				4D6494C316FF6A0F002AA016 /* RiakBrowser-Info.plist */,
				4D6494C416FF6A0F002AA016 /* InfoPlist.strings */,
				4D6494C716FF6A0F002AA016 /* main.m */,
				4D6494C916FF6A0F002AA016 /* RiakBrowser-Prefix.pch */,
				4D6494CA16FF6A0F002AA016 /* Credits.rtf */,
			);
			name = "Supporting Files";
			sourceTree = "<group>";
		};
/* End PBXGroup section */

/* Begin PBXNativeTarget section */
		4D6494B716FF6A0F002AA016 /* RiakBrowser */ = {
			isa = PBXNativeTarget;
			buildConfigurationList = 4D6494D516FF6A10002AA016 /* Build configuration list for PBXNativeTarget "RiakBrowser" */;
			buildPhases = (
				4D6494B416FF6A0F002AA016 /* Sources */,
				4D6494B516FF6A0F002AA016 /* Frameworks */,
				4D6494B616FF6A0F002AA016 /* Resources */,
				B2D494B922BE45BC8AD86D5F /* Copy Pods Resources */,
			);
			buildRules = (
			);
			dependencies = (
			);
			name = RiakBrowser;
			productName = RiakBrowser;
			productReference = 4D6494B816FF6A0F002AA016 /* RiakBrowser.app */;
			productType = "com.apple.product-type.application";
		};
/* End PBXNativeTarget section */

/* Begin PBXProject section */
		4D6494B016FF6A0F002AA016 /* Project object */ = {
			isa = PBXProject;
			attributes = {
				CLASSPREFIX = RB;
				LastUpgradeCheck = 0460;
				ORGANIZATIONNAME = iwascoding;
			};
			buildConfigurationList = 4D6494B316FF6A0F002AA016 /* Build configuration list for PBXProject "RiakBrowser" */;
			compatibilityVersion = "Xcode 3.2";
			developmentRegion = English;
			hasScannedForEncodings = 0;
			knownRegions = (
				en,
			);
			mainGroup = 4D6494AF16FF6A0F002AA016;
			productRefGroup = 4D6494B916FF6A0F002AA016 /* Products */;
			projectDirPath = "";
			projectRoot = "";
			targets = (
				4D6494B716FF6A0F002AA016 /* RiakBrowser */,
			);
		};
/* End PBXProject section */

/* Begin PBXResourcesBuildPhase section */
		4D6494B616FF6A0F002AA016 /* Resources */ = {
			isa = PBXResourcesBuildPhase;
			buildActionMask = 2147483647;
			files = (
				4D6494C616FF6A0F002AA016 /* InfoPlist.strings in Resources */,
				4D6494CC16FF6A0F002AA016 /* Credits.rtf in Resources */,
				4D6494D216FF6A10002AA016 /* MainMenu.xib in Resources */,
			);
			runOnlyForDeploymentPostprocessing = 0;
		};
/* End PBXResourcesBuildPhase section */

/* Begin PBXShellScriptBuildPhase section */
		B2D494B922BE45BC8AD86D5F /* Copy Pods Resources */ = {
			isa = PBXShellScriptBuildPhase;
			buildActionMask = 2147483647;
			files = (
			);
			inputPaths = (
			);
			name = "Copy Pods Resources";
			outputPaths = (
			);
			runOnlyForDeploymentPostprocessing = 0;
			shellPath = /bin/sh;
			shellScript = "\"${SRCROOT}/Pods/Pods-resources.sh\"\n";
		};
/* End PBXShellScriptBuildPhase section */

/* Begin PBXSourcesBuildPhase section */
		4D6494B416FF6A0F002AA016 /* Sources */ = {
			isa = PBXSourcesBuildPhase;
			buildActionMask = 2147483647;
			files = (
				4D6494C816FF6A0F002AA016 /* main.m in Sources */,
				4D6494CF16FF6A0F002AA016 /* RBAppDelegate.m in Sources */,
				4D6494DA16FF71BB002AA016 /* RBMainWindowDelegate.m in Sources */,
			);
			runOnlyForDeploymentPostprocessing = 0;
		};
/* End PBXSourcesBuildPhase section */

/* Begin PBXVariantGroup section */
		4D6494C416FF6A0F002AA016 /* InfoPlist.strings */ = {
			isa = PBXVariantGroup;
			children = (
				4D6494C516FF6A0F002AA016 /* en */,
			);
			name = InfoPlist.strings;
			sourceTree = "<group>";
		};
		4D6494CA16FF6A0F002AA016 /* Credits.rtf */ = {
			isa = PBXVariantGroup;
			children = (
				4D6494CB16FF6A0F002AA016 /* en */,
			);
			name = Credits.rtf;
			sourceTree = "<group>";
		};
		4D6494D016FF6A10002AA016 /* MainMenu.xib */ = {
			isa = PBXVariantGroup;
			children = (
				4D6494D116FF6A10002AA016 /* en */,
			);
			name = MainMenu.xib;
			sourceTree = "<group>";
		};
/* End PBXVariantGroup section */

/* Begin XCBuildConfiguration section */
		4D6494D316FF6A10002AA016 /* Debug */ = {
			isa = XCBuildConfiguration;
			buildSettings = {
				ALWAYS_SEARCH_USER_PATHS = NO;
				ARCHS = "$(ARCHS_STANDARD_64_BIT)";
				CLANG_CXX_LANGUAGE_STANDARD = "gnu++0x";
				CLANG_CXX_LIBRARY = "libc++";
				CLANG_ENABLE_OBJC_ARC = YES;
				CLANG_WARN_CONSTANT_CONVERSION = YES;
				CLANG_WARN_EMPTY_BODY = YES;
				CLANG_WARN_ENUM_CONVERSION = YES;
				CLANG_WARN_INT_CONVERSION = YES;
				CLANG_WARN__DUPLICATE_METHOD_MATCH = YES;
				COPY_PHASE_STRIP = NO;
				GCC_C_LANGUAGE_STANDARD = gnu99;
				GCC_DYNAMIC_NO_PIC = NO;
				GCC_ENABLE_OBJC_EXCEPTIONS = YES;
				GCC_OPTIMIZATION_LEVEL = 0;
				GCC_PREPROCESSOR_DEFINITIONS = (
					"DEBUG=1",
					"$(inherited)",
				);
				GCC_SYMBOLS_PRIVATE_EXTERN = NO;
				GCC_WARN_64_TO_32_BIT_CONVERSION = YES;
				GCC_WARN_ABOUT_RETURN_TYPE = YES;
				GCC_WARN_UNINITIALIZED_AUTOS = YES;
				GCC_WARN_UNUSED_VARIABLE = YES;
				MACOSX_DEPLOYMENT_TARGET = 10.7;
				ONLY_ACTIVE_ARCH = YES;
				SDKROOT = macosx10.8;
			};
			name = Debug;
		};
		4D6494D416FF6A10002AA016 /* Release */ = {
			isa = XCBuildConfiguration;
			buildSettings = {
				ALWAYS_SEARCH_USER_PATHS = NO;
				ARCHS = "$(ARCHS_STANDARD_64_BIT)";
				CLANG_CXX_LANGUAGE_STANDARD = "gnu++0x";
				CLANG_CXX_LIBRARY = "libc++";
				CLANG_ENABLE_OBJC_ARC = YES;
				CLANG_WARN_CONSTANT_CONVERSION = YES;
				CLANG_WARN_EMPTY_BODY = YES;
				CLANG_WARN_ENUM_CONVERSION = YES;
				CLANG_WARN_INT_CONVERSION = YES;
				CLANG_WARN__DUPLICATE_METHOD_MATCH = YES;
				COPY_PHASE_STRIP = YES;
				DEBUG_INFORMATION_FORMAT = "dwarf-with-dsym";
				GCC_C_LANGUAGE_STANDARD = gnu99;
				GCC_ENABLE_OBJC_EXCEPTIONS = YES;
				GCC_WARN_64_TO_32_BIT_CONVERSION = YES;
				GCC_WARN_ABOUT_RETURN_TYPE = YES;
				GCC_WARN_UNINITIALIZED_AUTOS = YES;
				GCC_WARN_UNUSED_VARIABLE = YES;
				MACOSX_DEPLOYMENT_TARGET = 10.7;
				SDKROOT = macosx10.8;
			};
			name = Release;
		};
		4D6494D616FF6A10002AA016 /* Debug */ = {
			isa = XCBuildConfiguration;
			baseConfigurationReference = 060F6BBDA3EE491C848BCC5B /* Pods.xcconfig */;
			buildSettings = {
				COMBINE_HIDPI_IMAGES = YES;
				GCC_PRECOMPILE_PREFIX_HEADER = YES;
				GCC_PREFIX_HEADER = "RiakBrowser/RiakBrowser-Prefix.pch";
				INFOPLIST_FILE = "RiakBrowser/RiakBrowser-Info.plist";
				PRODUCT_NAME = "$(TARGET_NAME)";
				SDKROOT = macosx10.8;
				WRAPPER_EXTENSION = app;
			};
			name = Debug;
		};
		4D6494D716FF6A10002AA016 /* Release */ = {
			isa = XCBuildConfiguration;
			baseConfigurationReference = 060F6BBDA3EE491C848BCC5B /* Pods.xcconfig */;
			buildSettings = {
				COMBINE_HIDPI_IMAGES = YES;
				GCC_PRECOMPILE_PREFIX_HEADER = YES;
				GCC_PREFIX_HEADER = "RiakBrowser/RiakBrowser-Prefix.pch";
				INFOPLIST_FILE = "RiakBrowser/RiakBrowser-Info.plist";
				PRODUCT_NAME = "$(TARGET_NAME)";
				SDKROOT = macosx10.8;
				WRAPPER_EXTENSION = app;
			};
			name = Release;
		};
/* End XCBuildConfiguration section */

/* Begin XCConfigurationList section */
		4D6494B316FF6A0F002AA016 /* Build configuration list for PBXProject "RiakBrowser" */ = {
			isa = XCConfigurationList;
			buildConfigurations = (
				4D6494D316FF6A10002AA016 /* Debug */,
				4D6494D416FF6A10002AA016 /* Release */,
			);
			defaultConfigurationIsVisible = 0;
			defaultConfigurationName = Release;
		};
		4D6494D516FF6A10002AA016 /* Build configuration list for PBXNativeTarget "RiakBrowser" */ = {
			isa = XCConfigurationList;
			buildConfigurations = (
				4D6494D616FF6A10002AA016 /* Debug */,
				4D6494D716FF6A10002AA016 /* Release */,
			);
			defaultConfigurationIsVisible = 0;
			defaultConfigurationName = Release;
		};
/* End XCConfigurationList section */
	};
	rootObject = 4D6494B016FF6A0F002AA016 /* Project object */;
}
